
Microsoft Visual Studio Solution File, Format Version 12.00
# Visual Studio 14
VisualStudioVersion = 14.0.24720.0
MinimumVisualStudioVersion = 10.0.40219.1
Project("{FAE04EC0-301F-11D3-BF4B-00C04F79EFBC}") = "NinjaDomain.Classes", "NinjaDomain.Classes\NinjaDomain.Classes.csproj", "{96384772-8A27-4AF5-A70B-0BC236C9553C}"
EndProject
Project("{FAE04EC0-301F-11D3-BF4B-00C04F79EFBC}") = "NinjaDomain.DataModel", "NinjaDomain.DataModel\NinjaDomain.DataModel.csproj", "{A937BE12-612F-4CD1-8601-D876B1CEBD50}"
EndProject
Project("{FAE04EC0-301F-11D3-BF4B-00C04F79EFBC}") = "ConsoleApplication", "ConsoleApplication\ConsoleApplication.csproj", "{95CEFE67-7B82-4969-AE7F-7892357A1823}"
EndProject
Global
	GlobalSection(SolutionConfigurationPlatforms) = preSolution
		Debug|Any CPU = Debug|Any CPU
		Release|Any CPU = Release|Any CPU
	EndGlobalSection
	GlobalSection(ProjectConfigurationPlatforms) = postSolution
		{96384772-8A27-4AF5-A70B-0BC236C9553C}.Debug|Any CPU.ActiveCfg = Debug|Any CPU
		{96384772-8A27-4AF5-A70B-0BC236C9553C}.Debug|Any CPU.Build.0 = Debug|Any CPU
		{96384772-8A27-4AF5-A70B-0BC236C9553C}.Release|Any CPU.ActiveCfg = Release|Any CPU
		{96384772-8A27-4AF5-A70B-0BC236C9553C}.Release|Any CPU.Build.0 = Release|Any CPU
		{A937BE12-612F-4CD1-8601-D876B1CEBD50}.Debug|Any CPU.ActiveCfg = Debug|Any CPU
		{A937BE12-612F-4CD1-8601-D876B1CEBD50}.Debug|Any CPU.Build.0 = Debug|Any CPU
		{A937BE12-612F-4CD1-8601-D876B1CEBD50}.Release|Any CPU.ActiveCfg = Release|Any CPU
		{A937BE12-612F-4CD1-8601-D876B1CEBD50}.Release|Any CPU.Build.0 = Release|Any CPU
		{95CEFE67-7B82-4969-AE7F-7892357A1823}.Debug|Any CPU.ActiveCfg = Debug|Any CPU
		{95CEFE67-7B82-4969-AE7F-7892357A1823}.Debug|Any CPU.Build.0 = Debug|Any CPU
		{95CEFE67-7B82-4969-AE7F-7892357A1823}.Release|Any CPU.ActiveCfg = Release|Any CPU
		{95CEFE67-7B82-4969-AE7F-7892357A1823}.Release|Any CPU.Build.0 = Release|Any CPU
	EndGlobalSection
	GlobalSection(SolutionProperties) = preSolution
		HideSolutionNode = FALSE
	EndGlobalSection
EndGlobal
